
Microsoft Visual Studio Solution File, Format Version 12.00
# Visual Studio Version 17
VisualStudioVersion = 17.14.36414.22 d17.14
MinimumVisualStudioVersion = 10.0.40219.1
Project("{FAE04EC0-301F-11D3-BF4B-00C04F79EFBC}") = "InventoryMaintenance", "InventoryMaintenance\InventoryMaintenance.csproj", "{99C9DB57-B6B7-4161-AB14-CE3B3D217E5C}"
EndProject
Global
	GlobalSection(SolutionConfigurationPlatforms) = preSolution
		Debug|Any CPU = Debug|Any CPU
		Release|Any CPU = Release|Any CPU
	EndGlobalSection
	GlobalSection(ProjectConfigurationPlatforms) = postSolution
		{99C9DB57-B6B7-4161-AB14-CE3B3D217E5C}.Debug|Any CPU.ActiveCfg = Debug|Any CPU
		{99C9DB57-B6B7-4161-AB14-CE3B3D217E5C}.Debug|Any CPU.Build.0 = Debug|Any CPU
		{99C9DB57-B6B7-4161-AB14-CE3B3D217E5C}.Release|Any CPU.ActiveCfg = Release|Any CPU
		{99C9DB57-B6B7-4161-AB14-CE3B3D217E5C}.Release|Any CPU.Build.0 = Release|Any CPU
	EndGlobalSection
	GlobalSection(SolutionProperties) = preSolution
		HideSolutionNode = FALSE
	EndGlobalSection
	GlobalSection(ExtensibilityGlobals) = postSolution
		SolutionGuid = {BE6D30B0-D1C0-40A7-B319-F359A5576889}
	EndGlobalSection
EndGlobal
